
Microsoft Visual Studio Solution File, Format Version 12.00
# Visual Studio Version 17
VisualStudioVersion = 17.7.34221.43
MinimumVisualStudioVersion = 10.0.40219.1
Project("{8BC9CEB8-8B4A-11D0-8D11-00A0C91BC942}") = "ServerSide", "ServerSide.vcxproj", "{858291FA-388E-4D5D-B151-927C3D58A51A}"
EndProject
Global
	GlobalSection(SolutionConfigurationPlatforms) = preSolution
		Debug|x64 = Debug|x64
		Debug|x86 = Debug|x86
		Release|x64 = Release|x64
		Release|x86 = Release|x86
	EndGlobalSection
	GlobalSection(ProjectConfigurationPlatforms) = postSolution
		{858291FA-388E-4D5D-B151-927C3D58A51A}.Debug|x64.ActiveCfg = Debug|x64
		{858291FA-388E-4D5D-B151-927C3D58A51A}.Debug|x64.Build.0 = Debug|x64
		{858291FA-388E-4D5D-B151-927C3D58A51A}.Debug|x86.ActiveCfg = Debug|Win32
		{858291FA-388E-4D5D-B151-927C3D58A51A}.Debug|x86.Build.0 = Debug|Win32
		{858291FA-388E-4D5D-B151-927C3D58A51A}.Release|x64.ActiveCfg = Release|x64
		{858291FA-388E-4D5D-B151-927C3D58A51A}.Release|x64.Build.0 = Release|x64
		{858291FA-388E-4D5D-B151-927C3D58A51A}.Release|x86.ActiveCfg = Release|Win32
		{858291FA-388E-4D5D-B151-927C3D58A51A}.Release|x86.Build.0 = Release|Win32
	EndGlobalSection
	GlobalSection(SolutionProperties) = preSolution
		HideSolutionNode = FALSE
	EndGlobalSection
	GlobalSection(ExtensibilityGlobals) = postSolution
		SolutionGuid = {2AF5106C-61B8-4B30-B237-5D90DB0E4F2C}
	EndGlobalSection
EndGlobal
